
Microsoft Visual Studio Solution File, Format Version 12.00
# Visual Studio Version 17
VisualStudioVersion = 17.7.34024.191
MinimumVisualStudioVersion = 10.0.40219.1
Project("{54A90642-561A-4BB1-A94E-469ADEE60C69}") = "ExpressProject3", "ExpressProject3\ExpressProject3.esproj", "{A1DDE6BF-B31C-4030-8F0C-8A43EA3281B8}"
EndProject
Global
	GlobalSection(SolutionConfigurationPlatforms) = preSolution
		Debug|Any CPU = Debug|Any CPU
		Release|Any CPU = Release|Any CPU
	EndGlobalSection
	GlobalSection(ProjectConfigurationPlatforms) = postSolution
		{A1DDE6BF-B31C-4030-8F0C-8A43EA3281B8}.Debug|Any CPU.ActiveCfg = Debug|Any CPU
		{A1DDE6BF-B31C-4030-8F0C-8A43EA3281B8}.Debug|Any CPU.Build.0 = Debug|Any CPU
		{A1DDE6BF-B31C-4030-8F0C-8A43EA3281B8}.Debug|Any CPU.Deploy.0 = Debug|Any CPU
		{A1DDE6BF-B31C-4030-8F0C-8A43EA3281B8}.Release|Any CPU.ActiveCfg = Release|Any CPU
		{A1DDE6BF-B31C-4030-8F0C-8A43EA3281B8}.Release|Any CPU.Build.0 = Release|Any CPU
		{A1DDE6BF-B31C-4030-8F0C-8A43EA3281B8}.Release|Any CPU.Deploy.0 = Release|Any CPU
	EndGlobalSection
	GlobalSection(SolutionProperties) = preSolution
		HideSolutionNode = FALSE
	EndGlobalSection
	GlobalSection(ExtensibilityGlobals) = postSolution
		SolutionGuid = {74902779-A6C9-4F83-B7F1-CD12DBA9F84C}
	EndGlobalSection
EndGlobal
