
Microsoft Visual Studio Solution File, Format Version 12.00
# Visual Studio Version 17
VisualStudioVersion = 17.7.34024.191
MinimumVisualStudioVersion = 10.0.40219.1
Project("{FAE04EC0-301F-11D3-BF4B-00C04F79EFBC}") = "Bank", "Bank\Bank.csproj", "{4FE4B907-D86C-4A2D-B1B1-122A31156037}"
EndProject
Project("{FAE04EC0-301F-11D3-BF4B-00C04F79EFBC}") = "BankTest", "BankTest\BankTest.csproj", "{5DBDB27C-413A-44E1-8471-039B438F530E}"
EndProject
Global
	GlobalSection(SolutionConfigurationPlatforms) = preSolution
		Debug|Any CPU = Debug|Any CPU
		Release|Any CPU = Release|Any CPU
	EndGlobalSection
	GlobalSection(ProjectConfigurationPlatforms) = postSolution
		{4FE4B907-D86C-4A2D-B1B1-122A31156037}.Debug|Any CPU.ActiveCfg = Debug|Any CPU
		{4FE4B907-D86C-4A2D-B1B1-122A31156037}.Debug|Any CPU.Build.0 = Debug|Any CPU
		{4FE4B907-D86C-4A2D-B1B1-122A31156037}.Release|Any CPU.ActiveCfg = Release|Any CPU
		{4FE4B907-D86C-4A2D-B1B1-122A31156037}.Release|Any CPU.Build.0 = Release|Any CPU
		{5DBDB27C-413A-44E1-8471-039B438F530E}.Debug|Any CPU.ActiveCfg = Debug|Any CPU
		{5DBDB27C-413A-44E1-8471-039B438F530E}.Debug|Any CPU.Build.0 = Debug|Any CPU
		{5DBDB27C-413A-44E1-8471-039B438F530E}.Release|Any CPU.ActiveCfg = Release|Any CPU
		{5DBDB27C-413A-44E1-8471-039B438F530E}.Release|Any CPU.Build.0 = Release|Any CPU
	EndGlobalSection
	GlobalSection(SolutionProperties) = preSolution
		HideSolutionNode = FALSE
	EndGlobalSection
	GlobalSection(ExtensibilityGlobals) = postSolution
		SolutionGuid = {CE2BB3A6-4DFA-4F33-AAE3-E0B0E970904C}
	EndGlobalSection
EndGlobal
