
Microsoft Visual Studio Solution File, Format Version 12.00
# Visual Studio Version 17
VisualStudioVersion = 17.7.34024.191
MinimumVisualStudioVersion = 10.0.40219.1
Project("{FAE04EC0-301F-11D3-BF4B-00C04F79EFBC}") = "WidgetFactory", "WidgetFactory\WidgetFactory.csproj", "{6F3EF803-F30B-4BAC-BF0A-9DD9DB181AA2}"
EndProject
Global
	GlobalSection(SolutionConfigurationPlatforms) = preSolution
		Debug|Any CPU = Debug|Any CPU
		Release|Any CPU = Release|Any CPU
	EndGlobalSection
	GlobalSection(ProjectConfigurationPlatforms) = postSolution
		{6F3EF803-F30B-4BAC-BF0A-9DD9DB181AA2}.Debug|Any CPU.ActiveCfg = Debug|Any CPU
		{6F3EF803-F30B-4BAC-BF0A-9DD9DB181AA2}.Debug|Any CPU.Build.0 = Debug|Any CPU
		{6F3EF803-F30B-4BAC-BF0A-9DD9DB181AA2}.Release|Any CPU.ActiveCfg = Release|Any CPU
		{6F3EF803-F30B-4BAC-BF0A-9DD9DB181AA2}.Release|Any CPU.Build.0 = Release|Any CPU
	EndGlobalSection
	GlobalSection(SolutionProperties) = preSolution
		HideSolutionNode = FALSE
	EndGlobalSection
	GlobalSection(ExtensibilityGlobals) = postSolution
		SolutionGuid = {684FB369-693E-4787-8CAA-F748CB543103}
	EndGlobalSection
EndGlobal
