
Microsoft Visual Studio Solution File, Format Version 12.00
# Visual Studio Version 17
VisualStudioVersion = 17.7.34024.191
MinimumVisualStudioVersion = 10.0.40219.1
Project("{54A90642-561A-4BB1-A94E-469ADEE60C69}") = "ExpressProject1", "ExpressProject1\ExpressProject1.esproj", "{F729D2DE-898B-44D1-A4B9-9F196B4BFB3B}"
EndProject
Global
	GlobalSection(SolutionConfigurationPlatforms) = preSolution
		Debug|Any CPU = Debug|Any CPU
		Release|Any CPU = Release|Any CPU
	EndGlobalSection
	GlobalSection(ProjectConfigurationPlatforms) = postSolution
		{F729D2DE-898B-44D1-A4B9-9F196B4BFB3B}.Debug|Any CPU.ActiveCfg = Debug|Any CPU
		{F729D2DE-898B-44D1-A4B9-9F196B4BFB3B}.Debug|Any CPU.Build.0 = Debug|Any CPU
		{F729D2DE-898B-44D1-A4B9-9F196B4BFB3B}.Debug|Any CPU.Deploy.0 = Debug|Any CPU
		{F729D2DE-898B-44D1-A4B9-9F196B4BFB3B}.Release|Any CPU.ActiveCfg = Release|Any CPU
		{F729D2DE-898B-44D1-A4B9-9F196B4BFB3B}.Release|Any CPU.Build.0 = Release|Any CPU
		{F729D2DE-898B-44D1-A4B9-9F196B4BFB3B}.Release|Any CPU.Deploy.0 = Release|Any CPU
	EndGlobalSection
	GlobalSection(SolutionProperties) = preSolution
		HideSolutionNode = FALSE
	EndGlobalSection
	GlobalSection(ExtensibilityGlobals) = postSolution
		SolutionGuid = {40291613-F9AD-49EF-BAAD-0226126F8101}
	EndGlobalSection
EndGlobal
