
Microsoft Visual Studio Solution File, Format Version 12.00
# Visual Studio Version 17
VisualStudioVersion = 17.7.34024.191
MinimumVisualStudioVersion = 10.0.40219.1
Project("{FAE04EC0-301F-11D3-BF4B-00C04F79EFBC}") = "HomeBuilder", "HomeBuilder\HomeBuilder.csproj", "{2DBEB371-7DB9-4202-9BF5-2316F20CBECF}"
EndProject
Project("{FAE04EC0-301F-11D3-BF4B-00C04F79EFBC}") = "HomeBuilderTests", "HomeBuilderTests\HomeBuilderTests.csproj", "{D9089589-C83C-4BB9-A6EF-FF47B043B65D}"
EndProject
Global
	GlobalSection(SolutionConfigurationPlatforms) = preSolution
		Debug|Any CPU = Debug|Any CPU
		Release|Any CPU = Release|Any CPU
	EndGlobalSection
	GlobalSection(ProjectConfigurationPlatforms) = postSolution
		{2DBEB371-7DB9-4202-9BF5-2316F20CBECF}.Debug|Any CPU.ActiveCfg = Debug|Any CPU
		{2DBEB371-7DB9-4202-9BF5-2316F20CBECF}.Debug|Any CPU.Build.0 = Debug|Any CPU
		{2DBEB371-7DB9-4202-9BF5-2316F20CBECF}.Release|Any CPU.ActiveCfg = Release|Any CPU
		{2DBEB371-7DB9-4202-9BF5-2316F20CBECF}.Release|Any CPU.Build.0 = Release|Any CPU
		{D9089589-C83C-4BB9-A6EF-FF47B043B65D}.Debug|Any CPU.ActiveCfg = Debug|Any CPU
		{D9089589-C83C-4BB9-A6EF-FF47B043B65D}.Debug|Any CPU.Build.0 = Debug|Any CPU
		{D9089589-C83C-4BB9-A6EF-FF47B043B65D}.Release|Any CPU.ActiveCfg = Release|Any CPU
		{D9089589-C83C-4BB9-A6EF-FF47B043B65D}.Release|Any CPU.Build.0 = Release|Any CPU
	EndGlobalSection
	GlobalSection(SolutionProperties) = preSolution
		HideSolutionNode = FALSE
	EndGlobalSection
	GlobalSection(ExtensibilityGlobals) = postSolution
		SolutionGuid = {A3E40701-BA7F-4FE2-A591-94707F24F7FE}
	EndGlobalSection
EndGlobal
