
Microsoft Visual Studio Solution File, Format Version 12.00
# Visual Studio Version 17
VisualStudioVersion = 17.7.34024.191
MinimumVisualStudioVersion = 10.0.40219.1
Project("{FAE04EC0-301F-11D3-BF4B-00C04F79EFBC}") = "HouseBuilder", "HouseBuilder\HouseBuilder.csproj", "{A20F72DD-277F-4CC2-AF8D-4B52A92A9A91}"
EndProject
Global
	GlobalSection(SolutionConfigurationPlatforms) = preSolution
		Debug|Any CPU = Debug|Any CPU
		Release|Any CPU = Release|Any CPU
	EndGlobalSection
	GlobalSection(ProjectConfigurationPlatforms) = postSolution
		{A20F72DD-277F-4CC2-AF8D-4B52A92A9A91}.Debug|Any CPU.ActiveCfg = Debug|Any CPU
		{A20F72DD-277F-4CC2-AF8D-4B52A92A9A91}.Debug|Any CPU.Build.0 = Debug|Any CPU
		{A20F72DD-277F-4CC2-AF8D-4B52A92A9A91}.Release|Any CPU.ActiveCfg = Release|Any CPU
		{A20F72DD-277F-4CC2-AF8D-4B52A92A9A91}.Release|Any CPU.Build.0 = Release|Any CPU
	EndGlobalSection
	GlobalSection(SolutionProperties) = preSolution
		HideSolutionNode = FALSE
	EndGlobalSection
	GlobalSection(ExtensibilityGlobals) = postSolution
		SolutionGuid = {280A412C-96D1-4E38-B595-254C1D868C88}
	EndGlobalSection
EndGlobal
