
Microsoft Visual Studio Solution File, Format Version 12.00
# Visual Studio Version 17
VisualStudioVersion = 17.7.34024.191
MinimumVisualStudioVersion = 10.0.40219.1
Project("{FAE04EC0-301F-11D3-BF4B-00C04F79EFBC}") = "RealEstate2", "RealEstate2\RealEstate2.csproj", "{E7914D45-C60A-4D94-BCD5-6E521C686385}"
EndProject
Global
	GlobalSection(SolutionConfigurationPlatforms) = preSolution
		Debug|Any CPU = Debug|Any CPU
		Release|Any CPU = Release|Any CPU
	EndGlobalSection
	GlobalSection(ProjectConfigurationPlatforms) = postSolution
		{E7914D45-C60A-4D94-BCD5-6E521C686385}.Debug|Any CPU.ActiveCfg = Debug|Any CPU
		{E7914D45-C60A-4D94-BCD5-6E521C686385}.Debug|Any CPU.Build.0 = Debug|Any CPU
		{E7914D45-C60A-4D94-BCD5-6E521C686385}.Release|Any CPU.ActiveCfg = Release|Any CPU
		{E7914D45-C60A-4D94-BCD5-6E521C686385}.Release|Any CPU.Build.0 = Release|Any CPU
	EndGlobalSection
	GlobalSection(SolutionProperties) = preSolution
		HideSolutionNode = FALSE
	EndGlobalSection
	GlobalSection(ExtensibilityGlobals) = postSolution
		SolutionGuid = {C1C62061-ED7F-473D-A08D-11B65E4D8937}
	EndGlobalSection
EndGlobal
